
Microsoft Visual Studio Solution File, Format Version 12.00
Project("{FAE04EC0-301F-11D3-BF4B-00C04F79EFBC}") = "PerfumeStoreApi", "PerfumeStoreApi\PerfumeStoreApi.csproj", "{8A39BD5A-092E-4DE2-80A5-E9409339250E}"
EndProject
Project("{2150E333-8FDC-42A3-9474-1A3956D46DE8}") = "Solution Items", "Solution Items", "{811CD01A-5EF1-4E88-AD43-FEADE91705F7}"
	ProjectSection(SolutionItems) = preProject
		compose.yaml = compose.yaml
	EndProjectSection
EndProject
Global
	GlobalSection(SolutionConfigurationPlatforms) = preSolution
		Debug|Any CPU = Debug|Any CPU
		Release|Any CPU = Release|Any CPU
	EndGlobalSection
	GlobalSection(ProjectConfigurationPlatforms) = postSolution
		{8A39BD5A-092E-4DE2-80A5-E9409339250E}.Debug|Any CPU.ActiveCfg = Debug|Any CPU
		{8A39BD5A-092E-4DE2-80A5-E9409339250E}.Debug|Any CPU.Build.0 = Debug|Any CPU
		{8A39BD5A-092E-4DE2-80A5-E9409339250E}.Release|Any CPU.ActiveCfg = Release|Any CPU
		{8A39BD5A-092E-4DE2-80A5-E9409339250E}.Release|Any CPU.Build.0 = Release|Any CPU
	EndGlobalSection
EndGlobal
